
Microsoft Visual Studio Solution File, Format Version 12.00
# Visual Studio Version 17
VisualStudioVersion = 17.3.32929.385
MinimumVisualStudioVersion = 10.0.40219.1
Project("{FAE04EC0-301F-11D3-BF4B-00C04F79EFBC}") = "GiRest", "GiRest\GiRest.csproj", "{936D0B66-B0D2-4E80-900A-97DF8D70DDDC}"
EndProject
Project("{FAE04EC0-301F-11D3-BF4B-00C04F79EFBC}") = "TestGiRest", "TestGiRest\TestGiRest.csproj", "{BC57CBD6-15B9-416E-A0A0-93F525203B34}"
EndProject
Global
	GlobalSection(SolutionConfigurationPlatforms) = preSolution
		Debug|Any CPU = Debug|Any CPU
		Release|Any CPU = Release|Any CPU
	EndGlobalSection
	GlobalSection(ProjectConfigurationPlatforms) = postSolution
		{936D0B66-B0D2-4E80-900A-97DF8D70DDDC}.Debug|Any CPU.ActiveCfg = Debug|Any CPU
		{936D0B66-B0D2-4E80-900A-97DF8D70DDDC}.Debug|Any CPU.Build.0 = Debug|Any CPU
		{936D0B66-B0D2-4E80-900A-97DF8D70DDDC}.Release|Any CPU.ActiveCfg = Release|Any CPU
		{936D0B66-B0D2-4E80-900A-97DF8D70DDDC}.Release|Any CPU.Build.0 = Release|Any CPU
		{BC57CBD6-15B9-416E-A0A0-93F525203B34}.Debug|Any CPU.ActiveCfg = Debug|Any CPU
		{BC57CBD6-15B9-416E-A0A0-93F525203B34}.Debug|Any CPU.Build.0 = Debug|Any CPU
		{BC57CBD6-15B9-416E-A0A0-93F525203B34}.Release|Any CPU.ActiveCfg = Release|Any CPU
		{BC57CBD6-15B9-416E-A0A0-93F525203B34}.Release|Any CPU.Build.0 = Release|Any CPU
	EndGlobalSection
	GlobalSection(SolutionProperties) = preSolution
		HideSolutionNode = FALSE
	EndGlobalSection
	GlobalSection(ExtensibilityGlobals) = postSolution
		SolutionGuid = {FE3C26E4-0986-40FA-A85D-7D68506CEB68}
	EndGlobalSection
EndGlobal
